# «Великий Инквизитор»: пассивный страж, следящий за чистотой рун
# и соблюдением Закона 88 символов во всей Цитадели.
flake8==7.3.0

# «Око Истины»: верховный судья, который находит «Свитки-Экзаменаторы»
# и выносит вердикт: работает ли магия так, как задумал Мастер.
pytest==9.0.1

# «Летописец Покрытия»: верный помощник Ока Истины, который измеряет
# тщательность испытаний и указывает на строки, оставшиеся во тьме.
pytest-cov==6.0.0

# «Эфирный Связной»: наделяет «Магического Посланца» (TestClient)
# способностью доносить запросы до портала API во время испытаний.
httpx==0.27.0
