# Могущественный дух детекции, отвечающий за поиск сущностей в потоке образов
yolov5==7.0.14

# Критическая руна совместимости: древний портал, необходимый для стабильности Химеры
huggingface-hub==0.24.7

# Основной источник магической энергии (Маны), согласованный с Кристаллом CUDA 11.8
torch==2.7.1+cu118

# Магические линзы, позволяющие духам воспринимать и трансформировать визуальные артефакты
torchvision==0.22.1+cu118

# Набор Кинематографиста для захвата видеопотока и начертания рамок детекции
opencv-python==4.11.0.86

# Магический индикатор, отображающий течение времени и прогресс великого ритуала
tqdm==4.67.1
