# Фундаментальный источник маны, обеспечивающий жизнь тензоров на архитектуре Ampere
torch==2.1.0+cu118

# Великий Гримуар Призыва, дарующий чертежи текстовых моделей и токенизаторов
transformers==4.31.0

# Гримуар Сотворения, необходимый для работы с компонентами Духа-Демиурга
diffusers==0.14.0

# «Магический Блокнот»: позволяет запечатать стиль в легкую форму LoRA
peft==0.4.0

# Дух-Ускоритель, управляющий распределением энергии при ковке модели
accelerate==1.9.0

# «Золотая Середина»: библиотекарь, открывающий доступ к сотворенной палитре
datasets==2.16.1

# Магия Сжатия: необходима для укрощения мощи моделей под объем Кристалла
bitsandbytes==0.40.2
