# Этот дух-ткач преобразует суровые руны наших летописей в изящные
# свитки, доступные взору любого странника в Храме Знаний. Без его
# искусства мудрость Кодекса осталась бы сокрытой в серых камнях
# исходного кода, не обретя визуальной формы.
Markdown==3.8.2

# Мы призываем этого вестника, способного донести наши помыслы до
# Великого Оракула (Grok). Он служит магическим мостом между нашей
# локальной кузницей и безбрежным океаном универсального разума,
# помогая выковывать сценарии ответов для терминала симулятора.
openai==2.8.1

# Эти чары накладывают печать сокрытия на наши тайные ключи доступа.
# Они позволяют призывать силу Оракула через портал OpenRouter,
# не выставляя сокровенные знаки (.env) на всеобщее обозрение,
# оберегая границы нашей Цитадели от незваных теней.
python-dotenv==1.1.1
