# «Отражение Всех Истин»: центральная сила, позволяющая объединить
# разные стихии (вкладки) в единый интерактивный дашборд
gradio==4.44.0

# «Магический Портал»: фундаментальный архитектор связей,
# обеспечивающий логику общения Пантеона с внешним миром
fastapi==0.115.0

# «Страж Потоков»: гонец, оживляющий портал и обеспечивающий
# стабильную передачу сообщений между Мастером и Големами
uvicorn==0.30.6

# «Великий Гримуар Призыва»: хранит чертежи для одновременного
# пробуждения Голема-Сказителя, Духа Эмоций и Ока Зрения
transformers==4.31.0

# «Первородная Мана»: базовая энергия тензоров, питающая
# весь Пантеон и обеспечивающая связь с Кристаллом GPU (cu118)
torch==2.1.0+cu118

# «Дух-Живописец»: необходим Оку Зрения для вскрытия и
# созерцания магических образов в соответствующей вкладке
Pillow==11.0.0

# «Эфирный Связной»: вспомогательная сущность, позволяющая
# порталам обмениваться информацией на высокой скорости
httpx==0.27.0

# «Тайный Хранитель Свитков»: обеспечивает асинхронную работу
# с файлами-артефактами внутри магического интерфейса
aiofiles==23.2.1
