# Твоя якорная версия: Великий Гримуар Призыва, дарующий связь с миром Transformers
transformers==4.31.0

# Фундаментальный источник маны, обеспечивающий жизнь тензоров на Кристалле GPU (CUDA 11.8)
torch==2.1.0+cu118

# Гримуар Сотворения, дарующий власть над "Духами-Демиургами" для рождения образов из хаоса
diffusers==0.14.0

# Дух-Ускоритель, позволяющий проводить ритуал "Призрачного Перемещения" (Offloading) при нехватке маны
accelerate==1.9.0
