# «Главный Архитектор»: дарует чертежи для возведения магического портала и врат к разуму Голема
fastapi==0.97.0

# «Страж Портала»: неутомимый дух-гонец, который оживляет проход и передает послания от просителей
uvicorn==0.23.2

# «Великий Гримуар Призыва»: хранит древние знания для пробуждения разумных сущностей (моделей)
transformers==4.31.0

# «Фундаментальный источник маны»: базовая энергия, обеспечивающая жизнь тензоров на Кристалле GPU
torch==2.1.0+cu118

# «Руки Духа»: специализированный помощник для взаимодействия с материальной формой звуковых волн
soundfile==0.10.3
