# Великий Гримуар Призыва. Это сердце нашего ритуала, дарующее нам
# заклинание 'pipeline' для призыва и наставления разумных 'духов' (AI-моделей).
transformers==4.53.2

# Фундаментальный Источник Маны, на котором держится вся техномагия.
# В этом ритуале он также дарует нам свое Око — Хронометр (profiler),
# позволяющий видеть, как именно мана течет через Кристалл.
# Версия +cu118 необходима для резонанса с Кристаллом Маны (RTX 3050 Ti).
torch==2.7.1+cu118

# Могущественный гримуар 'Красноречия и Повелевания'. Он дает нам силу
# превращать простые скрипты в профессиональные артефакты, которые
# понимают команды, опции и могут красиво общаться с Мастером.
click==8.1.8
