# Твоя якорная версия: Великий Гримуар Призыва, дарующий связь с миром моделей
transformers==4.31.0

# Фундаментальный источник маны, обеспечивающий жизнь тензоров на Кристалле GPU (CUDA 11.8)
torch==2.1.0+cu118

# Гримуар Сотворения, дарующий власть над "Духами-Демиургами" для рождения образов учебника
diffusers==0.14.0

# "Золотая Середина": библиотекарь, способный черпать данные из архивов без проклятий
datasets==2.16.1

# Дух-Ускоритель, позволяющий проводить ритуалы на Кристалле малого объема (4 ГБ VRAM)
accelerate==1.9.0

# Магический Ключ для прямого извлечения артефактов из облачных сокровищниц Hub
huggingface-hub==0.23.0

# Хранитель Табличных Летописей, необходимый для изучения "Карты Сокровищ" (Manifest.tsv)
pandas==2.3.1

# Древний инструмент для запечатывания сотворенных образов в материальную форму PNG
Pillow==11.0.0

# Магический индикатор, позволяющий Техноманту видеть течение времени в долгом ритуале
tqdm==4.66.1
