# Фундаментальный источник маны, обеспечивающий жизнь тензоров на архитектуре Ampere
torch==2.1.0+cu118

# Великий Гримуар Призыва, дарующий чертежи текстовых моделей и токенизаторов
transformers==4.31.0

# Гримуар Сотворения: сложнейший механизм для управления силой Stable Diffusion
diffusers==0.14.0

# «Магический Блокнот»: позволяет «надеть» Стилевую Печать на сердце Демиурга
peft==0.4.0

# Дух-Ускоритель: управляет «Призрачным Перемещением» (offload) для экономии VRAM
accelerate==1.9.0

# Дух-Художник: необходим для материализации сотворенных видений в форму PNG
Pillow==11.0.0

# Хранитель Тяжелых Артефактов: запечатывает плоть сотворенного шедевра в святилище
dvc==3.62.0
