# Твоя якорная версия: Великий Гримуар Призыва, дарующий чертежи Духа-Эмпата (Wav2Vec2)
transformers==4.31.0

# Фундаментальный источник маны, обеспечивающий жизнь тензоров на Кристалле GPU
torch==2.1.0+cu118

# Свитки Древних Знаний: "Золотая Середина", позволяющая черпать данные без проклятия "Запрета на Скрипты"
datasets==2.16.1

# Магический Камертон для настройки и перегонки звуковых вибраций в цифровую эссенцию
librosa==0.10.1

# Аудио-Резонатор, вскрывающий материальную оболочку аудиофайлов для их последующего анализа
soundfile==0.13.1
