# «Великий Архитектор Порталов»: фундаментальный гримуар для сотворения
# магических врат (API), через которые мир общается с Големом
fastapi==0.116.1

# «Страж Открытых Врат»: могущественный голем, который оживляет
# портал и обеспечивает стабильный проход для входящих посланий
uvicorn==0.35.0

# «Связующий Дух»: посредник, наделяющий артефакт способностью
# дотягиваться до мыслей Хранителя Памяти (Redis) и сохранять их
redis==5.0.8
