# Фундаментальный источник маны, управляющий тензорами и связью с Кристаллом (GPU)
torch==2.1.0+cu118

# «Великий Гримуар Призыва»: хранит чертежи для пробуждения Писца, Толкователя и Оракула
transformers==4.31.0

# «Мудрый Библиотекарь»: обеспечивает доступ к эталонным аудио-свиткам (версия Золотой Середины)
datasets==2.16.1

# «Руки Духа»: специализированный помощник для материализации и вскрытия аудио-артефактов
soundfile==0.10.3

# «Древний Геометр»: обеспечивает математическую точность при преобразовании сигналов
scipy==1.15.3

# «Мастер-Акустик»: наделяет Големов способностью анализировать и гармонизировать звук
librosa==0.11.0

# «Магический Абак»: фундаментальный инструмент для работы с «сырой материей» данных
numpy==2.1.2

# «Ухо Голема»: позволяет сущностям внимать вибрациям воздуха в реальном времени
sounddevice==0.5.2
