# Твоя якорная версия: Великий Гримуар Призыва для работы с Големом distilgpt2
transformers==4.31.0

# Фундаментальный источник маны, обеспечивающий жизнь тензоров на архитектуре Ampere
torch==2.1.0+cu118

# «Золотая Середина»: библиотекарь, поддерживающий современные ритуалы PEFT и Trainer
datasets==2.16.1

# Магический Блокнот: позволяет обучать лишь малую часть «разума» Голема (LoRA)
peft==0.4.0

# Магия Сжатия: «сжимает» Голема до 4-бит, дабы он уместился в Кристалл Маны
bitsandbytes==0.40.2

# Дух-Ускоритель: распределяет ману и управляет памятью при квантовании
accelerate==1.9.0

# Алфавит Толмача: необходим для правильного перевода слов в руны-токены
sentencepiece==0.1.99
